// !$*UTF8*$!
{
	archiveVersion = 1;
	classes = {
	};
	objectVersion = 50;
	objects = {

/* Begin PBXBuildFile section */
		2CCE826624AE1ABA0086295B /* WatchWidgetAppApp.swift in Sources */ = {isa = PBXBuildFile; fileRef = 2CCE826524AE1ABA0086295B /* WatchWidgetAppApp.swift */; };
		2CCE826824AE1ABA0086295B /* ContentView.swift in Sources */ = {isa = PBXBuildFile; fileRef = 2CCE826724AE1ABA0086295B /* ContentView.swift */; };
		2CCE826A24AE1ABA0086295B /* Assets.xcassets in Resources */ = {isa = PBXBuildFile; fileRef = 2CCE826924AE1ABA0086295B /* Assets.xcassets */; };
		2CCE826D24AE1ABA0086295B /* Preview Assets.xcassets in Resources */ = {isa = PBXBuildFile; fileRef = 2CCE826C24AE1ABA0086295B /* Preview Assets.xcassets */; };
		2CCE827B24AE1AF70086295B /* WidgetKit.framework in Frameworks */ = {isa = PBXBuildFile; fileRef = 2CCE827A24AE1AF70086295B /* WidgetKit.framework */; };
		2CCE827D24AE1AF70086295B /* SwiftUI.framework in Frameworks */ = {isa = PBXBuildFile; fileRef = 2CCE827C24AE1AF70086295B /* SwiftUI.framework */; };
		2CCE828024AE1AF70086295B /* TimeLineWidget.swift in Sources */ = {isa = PBXBuildFile; fileRef = 2CCE827F24AE1AF70086295B /* TimeLineWidget.swift */; };
		2CCE828224AE1AF70086295B /* Assets.xcassets in Resources */ = {isa = PBXBuildFile; fileRef = 2CCE828124AE1AF70086295B /* Assets.xcassets */; };
		2CCE828624AE1AF70086295B /* TimeLineWidgetExtension.appex in Embed App Extensions */ = {isa = PBXBuildFile; fileRef = 2CCE827824AE1AF70086295B /* TimeLineWidgetExtension.appex */; settings = {ATTRIBUTES = (RemoveHeadersOnCopy, ); }; };
/* End PBXBuildFile section */

/* Begin PBXContainerItemProxy section */
		2CCE828424AE1AF70086295B /* PBXContainerItemProxy */ = {
			isa = PBXContainerItemProxy;
			containerPortal = 2CCE825A24AE1ABA0086295B /* Project object */;
			proxyType = 1;
			remoteGlobalIDString = 2CCE827724AE1AF70086295B;
			remoteInfo = TimeLineWidgetExtension;
		};
/* End PBXContainerItemProxy section */

/* Begin PBXCopyFilesBuildPhase section */
		2CCE828A24AE1AF70086295B /* Embed App Extensions */ = {
			isa = PBXCopyFilesBuildPhase;
			buildActionMask = 2147483647;
			dstPath = "";
			dstSubfolderSpec = 13;
			files = (
				2CCE828624AE1AF70086295B /* TimeLineWidgetExtension.appex in Embed App Extensions */,
			);
			name = "Embed App Extensions";
			runOnlyForDeploymentPostprocessing = 0;
		};
/* End PBXCopyFilesBuildPhase section */

/* Begin PBXFileReference section */
		2CCE826224AE1ABA0086295B /* WatchWidgetApp.app */ = {isa = PBXFileReference; explicitFileType = wrapper.application; includeInIndex = 0; path = WatchWidgetApp.app; sourceTree = BUILT_PRODUCTS_DIR; };
		2CCE826524AE1ABA0086295B /* WatchWidgetAppApp.swift */ = {isa = PBXFileReference; lastKnownFileType = sourcecode.swift; path = WatchWidgetAppApp.swift; sourceTree = "<group>"; };
		2CCE826724AE1ABA0086295B /* ContentView.swift */ = {isa = PBXFileReference; lastKnownFileType = sourcecode.swift; path = ContentView.swift; sourceTree = "<group>"; };
		2CCE826924AE1ABA0086295B /* Assets.xcassets */ = {isa = PBXFileReference; lastKnownFileType = folder.assetcatalog; path = Assets.xcassets; sourceTree = "<group>"; };
		2CCE826C24AE1ABA0086295B /* Preview Assets.xcassets */ = {isa = PBXFileReference; lastKnownFileType = folder.assetcatalog; path = "Preview Assets.xcassets"; sourceTree = "<group>"; };
		2CCE826E24AE1ABA0086295B /* Info.plist */ = {isa = PBXFileReference; lastKnownFileType = text.plist.xml; path = Info.plist; sourceTree = "<group>"; };
		2CCE827824AE1AF70086295B /* TimeLineWidgetExtension.appex */ = {isa = PBXFileReference; explicitFileType = "wrapper.app-extension"; includeInIndex = 0; path = TimeLineWidgetExtension.appex; sourceTree = BUILT_PRODUCTS_DIR; };
		2CCE827A24AE1AF70086295B /* WidgetKit.framework */ = {isa = PBXFileReference; lastKnownFileType = wrapper.framework; name = WidgetKit.framework; path = System/Library/Frameworks/WidgetKit.framework; sourceTree = SDKROOT; };
		2CCE827C24AE1AF70086295B /* SwiftUI.framework */ = {isa = PBXFileReference; lastKnownFileType = wrapper.framework; name = SwiftUI.framework; path = System/Library/Frameworks/SwiftUI.framework; sourceTree = SDKROOT; };
		2CCE827F24AE1AF70086295B /* TimeLineWidget.swift */ = {isa = PBXFileReference; lastKnownFileType = sourcecode.swift; path = TimeLineWidget.swift; sourceTree = "<group>"; };
		2CCE828124AE1AF70086295B /* Assets.xcassets */ = {isa = PBXFileReference; lastKnownFileType = folder.assetcatalog; path = Assets.xcassets; sourceTree = "<group>"; };
		2CCE828324AE1AF70086295B /* Info.plist */ = {isa = PBXFileReference; lastKnownFileType = text.plist.xml; path = Info.plist; sourceTree = "<group>"; };
/* End PBXFileReference section */

/* Begin PBXFrameworksBuildPhase section */
		2CCE825F24AE1ABA0086295B /* Frameworks */ = {
			isa = PBXFrameworksBuildPhase;
			buildActionMask = 2147483647;
			files = (
			);
			runOnlyForDeploymentPostprocessing = 0;
		};
		2CCE827524AE1AF70086295B /* Frameworks */ = {
			isa = PBXFrameworksBuildPhase;
			buildActionMask = 2147483647;
			files = (
				2CCE827D24AE1AF70086295B /* SwiftUI.framework in Frameworks */,
				2CCE827B24AE1AF70086295B /* WidgetKit.framework in Frameworks */,
			);
			runOnlyForDeploymentPostprocessing = 0;
		};
/* End PBXFrameworksBuildPhase section */

/* Begin PBXGroup section */
		2CCE825924AE1ABA0086295B = {
			isa = PBXGroup;
			children = (
				2CCE826424AE1ABA0086295B /* WatchWidgetApp */,
				2CCE827E24AE1AF70086295B /* TimeLineWidget */,
				2CCE827924AE1AF70086295B /* Frameworks */,
				2CCE826324AE1ABA0086295B /* Products */,
			);
			sourceTree = "<group>";
		};
		2CCE826324AE1ABA0086295B /* Products */ = {
			isa = PBXGroup;
			children = (
				2CCE826224AE1ABA0086295B /* WatchWidgetApp.app */,
				2CCE827824AE1AF70086295B /* TimeLineWidgetExtension.appex */,
			);
			name = Products;
			sourceTree = "<group>";
		};
		2CCE826424AE1ABA0086295B /* WatchWidgetApp */ = {
			isa = PBXGroup;
			children = (
				2CCE826524AE1ABA0086295B /* WatchWidgetAppApp.swift */,
				2CCE826724AE1ABA0086295B /* ContentView.swift */,
				2CCE826924AE1ABA0086295B /* Assets.xcassets */,
				2CCE826E24AE1ABA0086295B /* Info.plist */,
				2CCE826B24AE1ABA0086295B /* Preview Content */,
			);
			path = WatchWidgetApp;
			sourceTree = "<group>";
		};
		2CCE826B24AE1ABA0086295B /* Preview Content */ = {
			isa = PBXGroup;
			children = (
				2CCE826C24AE1ABA0086295B /* Preview Assets.xcassets */,
			);
			path = "Preview Content";
			sourceTree = "<group>";
		};
		2CCE827924AE1AF70086295B /* Frameworks */ = {
			isa = PBXGroup;
			children = (
				2CCE827A24AE1AF70086295B /* WidgetKit.framework */,
				2CCE827C24AE1AF70086295B /* SwiftUI.framework */,
			);
			name = Frameworks;
			sourceTree = "<group>";
		};
		2CCE827E24AE1AF70086295B /* TimeLineWidget */ = {
			isa = PBXGroup;
			children = (
				2CCE827F24AE1AF70086295B /* TimeLineWidget.swift */,
				2CCE828124AE1AF70086295B /* Assets.xcassets */,
				2CCE828324AE1AF70086295B /* Info.plist */,
			);
			path = TimeLineWidget;
			sourceTree = "<group>";
		};
/* End PBXGroup section */

/* Begin PBXNativeTarget section */
		2CCE826124AE1ABA0086295B /* WatchWidgetApp */ = {
			isa = PBXNativeTarget;
			buildConfigurationList = 2CCE827124AE1ABA0086295B /* Build configuration list for PBXNativeTarget "WatchWidgetApp" */;
			buildPhases = (
				2CCE825E24AE1ABA0086295B /* Sources */,
				2CCE825F24AE1ABA0086295B /* Frameworks */,
				2CCE826024AE1ABA0086295B /* Resources */,
				2CCE828A24AE1AF70086295B /* Embed App Extensions */,
			);
			buildRules = (
			);
			dependencies = (
				2CCE828524AE1AF70086295B /* PBXTargetDependency */,
			);
			name = WatchWidgetApp;
			productName = WatchWidgetApp;
			productReference = 2CCE826224AE1ABA0086295B /* WatchWidgetApp.app */;
			productType = "com.apple.product-type.application";
		};
		2CCE827724AE1AF70086295B /* TimeLineWidgetExtension */ = {
			isa = PBXNativeTarget;
			buildConfigurationList = 2CCE828724AE1AF70086295B /* Build configuration list for PBXNativeTarget "TimeLineWidgetExtension" */;
			buildPhases = (
				2CCE827424AE1AF70086295B /* Sources */,
				2CCE827524AE1AF70086295B /* Frameworks */,
				2CCE827624AE1AF70086295B /* Resources */,
			);
			buildRules = (
			);
			dependencies = (
			);
			name = TimeLineWidgetExtension;
			productName = TimeLineWidgetExtension;
			productReference = 2CCE827824AE1AF70086295B /* TimeLineWidgetExtension.appex */;
			productType = "com.apple.product-type.app-extension";
		};
/* End PBXNativeTarget section */

/* Begin PBXProject section */
		2CCE825A24AE1ABA0086295B /* Project object */ = {
			isa = PBXProject;
			attributes = {
				LastSwiftUpdateCheck = 1200;
				LastUpgradeCheck = 1200;
				TargetAttributes = {
					2CCE826124AE1ABA0086295B = {
						CreatedOnToolsVersion = 12.0;
					};
					2CCE827724AE1AF70086295B = {
						CreatedOnToolsVersion = 12.0;
					};
				};
			};
			buildConfigurationList = 2CCE825D24AE1ABA0086295B /* Build configuration list for PBXProject "WatchWidgetApp" */;
			compatibilityVersion = "Xcode 9.3";
			developmentRegion = en;
			hasScannedForEncodings = 0;
			knownRegions = (
				en,
				Base,
			);
			mainGroup = 2CCE825924AE1ABA0086295B;
			productRefGroup = 2CCE826324AE1ABA0086295B /* Products */;
			projectDirPath = "";
			projectRoot = "";
			targets = (
				2CCE826124AE1ABA0086295B /* WatchWidgetApp */,
				2CCE827724AE1AF70086295B /* TimeLineWidgetExtension */,
			);
		};
/* End PBXProject section */

/* Begin PBXResourcesBuildPhase section */
		2CCE826024AE1ABA0086295B /* Resources */ = {
			isa = PBXResourcesBuildPhase;
			buildActionMask = 2147483647;
			files = (
				2CCE826D24AE1ABA0086295B /* Preview Assets.xcassets in Resources */,
				2CCE826A24AE1ABA0086295B /* Assets.xcassets in Resources */,
			);
			runOnlyForDeploymentPostprocessing = 0;
		};
		2CCE827624AE1AF70086295B /* Resources */ = {
			isa = PBXResourcesBuildPhase;
			buildActionMask = 2147483647;
			files = (
				2CCE828224AE1AF70086295B /* Assets.xcassets in Resources */,
			);
			runOnlyForDeploymentPostprocessing = 0;
		};
/* End PBXResourcesBuildPhase section */

/* Begin PBXSourcesBuildPhase section */
		2CCE825E24AE1ABA0086295B /* Sources */ = {
			isa = PBXSourcesBuildPhase;
			buildActionMask = 2147483647;
			files = (
				2CCE826824AE1ABA0086295B /* ContentView.swift in Sources */,
				2CCE826624AE1ABA0086295B /* WatchWidgetAppApp.swift in Sources */,
			);
			runOnlyForDeploymentPostprocessing = 0;
		};
		2CCE827424AE1AF70086295B /* Sources */ = {
			isa = PBXSourcesBuildPhase;
			buildActionMask = 2147483647;
			files = (
				2CCE828024AE1AF70086295B /* TimeLineWidget.swift in Sources */,
			);
			runOnlyForDeploymentPostprocessing = 0;
		};
/* End PBXSourcesBuildPhase section */

/* Begin PBXTargetDependency section */
		2CCE828524AE1AF70086295B /* PBXTargetDependency */ = {
			isa = PBXTargetDependency;
			target = 2CCE827724AE1AF70086295B /* TimeLineWidgetExtension */;
			targetProxy = 2CCE828424AE1AF70086295B /* PBXContainerItemProxy */;
		};
/* End PBXTargetDependency section */

/* Begin XCBuildConfiguration section */
		2CCE826F24AE1ABA0086295B /* Debug */ = {
			isa = XCBuildConfiguration;
			buildSettings = {
				ALWAYS_SEARCH_USER_PATHS = NO;
				CLANG_ANALYZER_NONNULL = YES;
				CLANG_ANALYZER_NUMBER_OBJECT_CONVERSION = YES_AGGRESSIVE;
				CLANG_CXX_LANGUAGE_STANDARD = "gnu++14";
				CLANG_CXX_LIBRARY = "libc++";
				CLANG_ENABLE_MODULES = YES;
				CLANG_ENABLE_OBJC_ARC = YES;
				CLANG_ENABLE_OBJC_WEAK = YES;
				CLANG_WARN_BLOCK_CAPTURE_AUTORELEASING = YES;
				CLANG_WARN_BOOL_CONVERSION = YES;
				CLANG_WARN_COMMA = YES;
				CLANG_WARN_CONSTANT_CONVERSION = YES;
				CLANG_WARN_DEPRECATED_OBJC_IMPLEMENTATIONS = YES;
				CLANG_WARN_DIRECT_OBJC_ISA_USAGE = YES_ERROR;
				CLANG_WARN_DOCUMENTATION_COMMENTS = YES;
				CLANG_WARN_EMPTY_BODY = YES;
				CLANG_WARN_ENUM_CONVERSION = YES;
				CLANG_WARN_INFINITE_RECURSION = YES;
				CLANG_WARN_INT_CONVERSION = YES;
				CLANG_WARN_NON_LITERAL_NULL_CONVERSION = YES;
				CLANG_WARN_OBJC_IMPLICIT_RETAIN_SELF = YES;
				CLANG_WARN_OBJC_LITERAL_CONVERSION = YES;
				CLANG_WARN_OBJC_ROOT_CLASS = YES_ERROR;
				CLANG_WARN_QUOTED_INCLUDE_IN_FRAMEWORK_HEADER = YES;
				CLANG_WARN_RANGE_LOOP_ANALYSIS = YES;
				CLANG_WARN_STRICT_PROTOTYPES = YES;
				CLANG_WARN_SUSPICIOUS_MOVE = YES;
				CLANG_WARN_UNGUARDED_AVAILABILITY = YES_AGGRESSIVE;
				CLANG_WARN_UNREACHABLE_CODE = YES;
				CLANG_WARN__DUPLICATE_METHOD_MATCH = YES;
				COPY_PHASE_STRIP = NO;
				DEBUG_INFORMATION_FORMAT = dwarf;
				ENABLE_STRICT_OBJC_MSGSEND = YES;
				ENABLE_TESTABILITY = YES;
				GCC_C_LANGUAGE_STANDARD = gnu11;
				GCC_DYNAMIC_NO_PIC = NO;
				GCC_NO_COMMON_BLOCKS = YES;
				GCC_OPTIMIZATION_LEVEL = 0;
				GCC_PREPROCESSOR_DEFINITIONS = (
					"DEBUG=1",
					"$(inherited)",
				);
				GCC_WARN_64_TO_32_BIT_CONVERSION = YES;
				GCC_WARN_ABOUT_RETURN_TYPE = YES_ERROR;
				GCC_WARN_UNDECLARED_SELECTOR = YES;
				GCC_WARN_UNINITIALIZED_AUTOS = YES_AGGRESSIVE;
				GCC_WARN_UNUSED_FUNCTION = YES;
				GCC_WARN_UNUSED_VARIABLE = YES;
				IPHONEOS_DEPLOYMENT_TARGET = 14.0;
				MTL_ENABLE_DEBUG_INFO = INCLUDE_SOURCE;
				MTL_FAST_MATH = YES;
				ONLY_ACTIVE_ARCH = YES;
				SDKROOT = iphoneos;
				SWIFT_ACTIVE_COMPILATION_CONDITIONS = DEBUG;
				SWIFT_OPTIMIZATION_LEVEL = "-Onone";
			};
			name = Debug;
		};
		2CCE827024AE1ABA0086295B /* Release */ = {
			isa = XCBuildConfiguration;
			buildSettings = {
				ALWAYS_SEARCH_USER_PATHS = NO;
				CLANG_ANALYZER_NONNULL = YES;
				CLANG_ANALYZER_NUMBER_OBJECT_CONVERSION = YES_AGGRESSIVE;
				CLANG_CXX_LANGUAGE_STANDARD = "gnu++14";
				CLANG_CXX_LIBRARY = "libc++";
				CLANG_ENABLE_MODULES = YES;
				CLANG_ENABLE_OBJC_ARC = YES;
				CLANG_ENABLE_OBJC_WEAK = YES;
				CLANG_WARN_BLOCK_CAPTURE_AUTORELEASING = YES;
				CLANG_WARN_BOOL_CONVERSION = YES;
				CLANG_WARN_COMMA = YES;
				CLANG_WARN_CONSTANT_CONVERSION = YES;
				CLANG_WARN_DEPRECATED_OBJC_IMPLEMENTATIONS = YES;
				CLANG_WARN_DIRECT_OBJC_ISA_USAGE = YES_ERROR;
				CLANG_WARN_DOCUMENTATION_COMMENTS = YES;
				CLANG_WARN_EMPTY_BODY = YES;
				CLANG_WARN_ENUM_CONVERSION = YES;
				CLANG_WARN_INFINITE_RECURSION = YES;
				CLANG_WARN_INT_CONVERSION = YES;
				CLANG_WARN_NON_LITERAL_NULL_CONVERSION = YES;
				CLANG_WARN_OBJC_IMPLICIT_RETAIN_SELF = YES;
				CLANG_WARN_OBJC_LITERAL_CONVERSION = YES;
				CLANG_WARN_OBJC_ROOT_CLASS = YES_ERROR;
				CLANG_WARN_QUOTED_INCLUDE_IN_FRAMEWORK_HEADER = YES;
				CLANG_WARN_RANGE_LOOP_ANALYSIS = YES;
				CLANG_WARN_STRICT_PROTOTYPES = YES;
				CLANG_WARN_SUSPICIOUS_MOVE = YES;
				CLANG_WARN_UNGUARDED_AVAILABILITY = YES_AGGRESSIVE;
				CLANG_WARN_UNREACHABLE_CODE = YES;
				CLANG_WARN__DUPLICATE_METHOD_MATCH = YES;
				COPY_PHASE_STRIP = NO;
				DEBUG_INFORMATION_FORMAT = "dwarf-with-dsym";
				ENABLE_NS_ASSERTIONS = NO;
				ENABLE_STRICT_OBJC_MSGSEND = YES;
				GCC_C_LANGUAGE_STANDARD = gnu11;
				GCC_NO_COMMON_BLOCKS = YES;
				GCC_WARN_64_TO_32_BIT_CONVERSION = YES;
				GCC_WARN_ABOUT_RETURN_TYPE = YES_ERROR;
				GCC_WARN_UNDECLARED_SELECTOR = YES;
				GCC_WARN_UNINITIALIZED_AUTOS = YES_AGGRESSIVE;
				GCC_WARN_UNUSED_FUNCTION = YES;
				GCC_WARN_UNUSED_VARIABLE = YES;
				IPHONEOS_DEPLOYMENT_TARGET = 14.0;
				MTL_ENABLE_DEBUG_INFO = NO;
				MTL_FAST_MATH = YES;
				SDKROOT = iphoneos;
				SWIFT_COMPILATION_MODE = wholemodule;
				SWIFT_OPTIMIZATION_LEVEL = "-O";
				VALIDATE_PRODUCT = YES;
			};
			name = Release;
		};
		2CCE827224AE1ABA0086295B /* Debug */ = {
			isa = XCBuildConfiguration;
			buildSettings = {
				ALWAYS_EMBED_SWIFT_STANDARD_LIBRARIES = YES;
				ASSETCATALOG_COMPILER_APPICON_NAME = AppIcon;
				ASSETCATALOG_COMPILER_GLOBAL_ACCENT_COLOR_NAME = AccentColor;
				CODE_SIGN_STYLE = Automatic;
				DEVELOPMENT_ASSET_PATHS = "\"WatchWidgetApp/Preview Content\"";
				ENABLE_PREVIEWS = YES;
				INFOPLIST_FILE = WatchWidgetApp/Info.plist;
				IPHONEOS_DEPLOYMENT_TARGET = 14.0;
				LD_RUNPATH_SEARCH_PATHS = (
					"$(inherited)",
					"@executable_path/Frameworks",
				);
				PRODUCT_BUNDLE_IDENTIFIER = com.ykkd.WatchWidgetApp;
				PRODUCT_NAME = "$(TARGET_NAME)";
				SWIFT_VERSION = 5.0;
				TARGETED_DEVICE_FAMILY = "1,2";
			};
			name = Debug;
		};
		2CCE827324AE1ABA0086295B /* Release */ = {
			isa = XCBuildConfiguration;
			buildSettings = {
				ALWAYS_EMBED_SWIFT_STANDARD_LIBRARIES = YES;
				ASSETCATALOG_COMPILER_APPICON_NAME = AppIcon;
				ASSETCATALOG_COMPILER_GLOBAL_ACCENT_COLOR_NAME = AccentColor;
				CODE_SIGN_STYLE = Automatic;
				DEVELOPMENT_ASSET_PATHS = "\"WatchWidgetApp/Preview Content\"";
				ENABLE_PREVIEWS = YES;
				INFOPLIST_FILE = WatchWidgetApp/Info.plist;
				IPHONEOS_DEPLOYMENT_TARGET = 14.0;
				LD_RUNPATH_SEARCH_PATHS = (
					"$(inherited)",
					"@executable_path/Frameworks",
				);
				PRODUCT_BUNDLE_IDENTIFIER = com.ykkd.WatchWidgetApp;
				PRODUCT_NAME = "$(TARGET_NAME)";
				SWIFT_VERSION = 5.0;
				TARGETED_DEVICE_FAMILY = "1,2";
			};
			name = Release;
		};
		2CCE828824AE1AF70086295B /* Debug */ = {
			isa = XCBuildConfiguration;
			buildSettings = {
				ASSETCATALOG_COMPILER_GLOBAL_ACCENT_COLOR_NAME = AccentColor;
				ASSETCATALOG_COMPILER_WIDGET_BACKGROUND_COLOR_NAME = WidgetBackground;
				CODE_SIGN_STYLE = Automatic;
				INFOPLIST_FILE = TimeLineWidget/Info.plist;
				LD_RUNPATH_SEARCH_PATHS = (
					"$(inherited)",
					"@executable_path/Frameworks",
					"@executable_path/../../Frameworks",
				);
				PRODUCT_BUNDLE_IDENTIFIER = com.ykkd.WatchWidgetApp.TimeLineWidget;
				PRODUCT_NAME = "$(TARGET_NAME)";
				SKIP_INSTALL = YES;
				SWIFT_VERSION = 5.0;
				TARGETED_DEVICE_FAMILY = "1,2";
			};
			name = Debug;
		};
		2CCE828924AE1AF70086295B /* Release */ = {
			isa = XCBuildConfiguration;
			buildSettings = {
				ASSETCATALOG_COMPILER_GLOBAL_ACCENT_COLOR_NAME = AccentColor;
				ASSETCATALOG_COMPILER_WIDGET_BACKGROUND_COLOR_NAME = WidgetBackground;
				CODE_SIGN_STYLE = Automatic;
				INFOPLIST_FILE = TimeLineWidget/Info.plist;
				LD_RUNPATH_SEARCH_PATHS = (
					"$(inherited)",
					"@executable_path/Frameworks",
					"@executable_path/../../Frameworks",
				);
				PRODUCT_BUNDLE_IDENTIFIER = com.ykkd.WatchWidgetApp.TimeLineWidget;
				PRODUCT_NAME = "$(TARGET_NAME)";
				SKIP_INSTALL = YES;
				SWIFT_VERSION = 5.0;
				TARGETED_DEVICE_FAMILY = "1,2";
			};
			name = Release;
		};
/* End XCBuildConfiguration section */

/* Begin XCConfigurationList section */
		2CCE825D24AE1ABA0086295B /* Build configuration list for PBXProject "WatchWidgetApp" */ = {
			isa = XCConfigurationList;
			buildConfigurations = (
				2CCE826F24AE1ABA0086295B /* Debug */,
				2CCE827024AE1ABA0086295B /* Release */,
			);
			defaultConfigurationIsVisible = 0;
			defaultConfigurationName = Release;
		};
		2CCE827124AE1ABA0086295B /* Build configuration list for PBXNativeTarget "WatchWidgetApp" */ = {
			isa = XCConfigurationList;
			buildConfigurations = (
				2CCE827224AE1ABA0086295B /* Debug */,
				2CCE827324AE1ABA0086295B /* Release */,
			);
			defaultConfigurationIsVisible = 0;
			defaultConfigurationName = Release;
		};
		2CCE828724AE1AF70086295B /* Build configuration list for PBXNativeTarget "TimeLineWidgetExtension" */ = {
			isa = XCConfigurationList;
			buildConfigurations = (
				2CCE828824AE1AF70086295B /* Debug */,
				2CCE828924AE1AF70086295B /* Release */,
			);
			defaultConfigurationIsVisible = 0;
			defaultConfigurationName = Release;
		};
/* End XCConfigurationList section */
	};
	rootObject = 2CCE825A24AE1ABA0086295B /* Project object */;
}
